
Microsoft Visual Studio Solution File, Format Version 12.00
# Visual Studio Version 16
VisualStudioVersion = 16.0.31205.134
MinimumVisualStudioVersion = 10.0.40219.1
Project("{9A19103F-16F7-4668-BE54-9A1E7A4F7556}") = "DAL", "DAL\DAL.csproj", "{103F29FD-E1E8-4228-9936-EFB81B2BFA32}"
EndProject
Project("{9A19103F-16F7-4668-BE54-9A1E7A4F7556}") = "ConsoleTest", "ConsoleTest\ConsoleTest.csproj", "{0156C3D4-E0A8-442B-864A-D038E135545A}"
EndProject
Project("{2150E333-8FDC-42A3-9474-1A3956D46DE8}") = "OrderService", "OrderService", "{55DE935D-3669-4406-899E-72C9B44C068C}"
EndProject
Project("{2150E333-8FDC-42A3-9474-1A3956D46DE8}") = "CatelogService", "CatelogService", "{5F2BEF56-14E0-46A9-9211-839C324C7B63}"
EndProject
Project("{2150E333-8FDC-42A3-9474-1A3956D46DE8}") = "Infrastructure", "Infrastructure", "{F7D24763-8D95-430B-B7E7-779707CEEA36}"
EndProject
Project("{2150E333-8FDC-42A3-9474-1A3956D46DE8}") = "Services", "Services", "{9FE82E71-AA90-40A8-8C28-C216B8873772}"
EndProject
Project("{2150E333-8FDC-42A3-9474-1A3956D46DE8}") = "UserInterface", "UserInterface", "{218A3420-0E73-42C5-8BBC-C6AB81AC23C7}"
EndProject
Project("{2150E333-8FDC-42A3-9474-1A3956D46DE8}") = "Web", "Web", "{9FD9FF87-AF48-42C2-8F7F-D3214F1DDA3A}"
EndProject
Project("{9A19103F-16F7-4668-BE54-9A1E7A4F7556}") = "CatelogService.API", "CatelogService.API\CatelogService.API.csproj", "{99861CD8-6FA2-4FD6-9509-2569EEFAB59C}"
EndProject
Project("{9A19103F-16F7-4668-BE54-9A1E7A4F7556}") = "CatelogService.DTO", "CatelogService.DTO\CatelogService.DTO.csproj", "{477CB507-C51C-407E-A95C-ECAA8F7498D7}"
EndProject
Project("{9A19103F-16F7-4668-BE54-9A1E7A4F7556}") = "CatelogService.Model", "CatelogService.Model\CatelogService.Model.csproj", "{760A12EC-417F-4A9D-BFEE-881ADF8D2159}"
EndProject
Project("{9A19103F-16F7-4668-BE54-9A1E7A4F7556}") = "CatelogService.DAL", "CatelogService.DAL\CatelogService.DAL.csproj", "{D5CE1C48-F921-4BCC-B888-059B403043A6}"
EndProject
Project("{9A19103F-16F7-4668-BE54-9A1E7A4F7556}") = "CatalogService.Business", "CatalogService.Business\CatalogService.Business.csproj", "{06BAC6FD-2827-40A2-9E71-D3C47B3148DE}"
EndProject
Project("{9A19103F-16F7-4668-BE54-9A1E7A4F7556}") = "ModernECommerce.Common", "ModernECommerce.Commaon\ModernECommerce.Common.csproj", "{49B1A0A1-C1AC-45BD-9C14-C958BC3739F3}"
EndProject
Project("{E53339B2-1760-4266-BCC7-CA923CBCF16C}") = "docker-compose", "docker-compose.dcproj", "{377059A0-999D-4B4B-B5E4-B6CDC9879B33}"
EndProject
Project("{2150E333-8FDC-42A3-9474-1A3956D46DE8}") = "Test", "Test", "{3CBE8D22-CA4B-426C-A904-3C4ACB0CCAF4}"
EndProject
Project("{9A19103F-16F7-4668-BE54-9A1E7A4F7556}") = "CatelogServiceTest", "CatelogServiceTest\CatelogServiceTest.csproj", "{A486B5B0-A98F-4098-A900-5EBF8AFCB4AA}"
EndProject
Project("{9A19103F-16F7-4668-BE54-9A1E7A4F7556}") = "CatalogService.DAL.EF", "..\CatalogService.DAL.EF\CatalogService.DAL.EF.csproj", "{E10B1571-3723-4FCF-8FB8-64E17FB9F146}"
EndProject
Project("{FAE04EC0-301F-11D3-BF4B-00C04F79EFBC}") = "CatalogService.DAL.EFConfig", "..\CatalogService.DAL.EFConfig\CatalogService.DAL.EFConfig.csproj", "{9CE728D2-C82E-45FD-B2FB-695B854C9AE3}"
EndProject
Global
	GlobalSection(SolutionConfigurationPlatforms) = preSolution
		Debug|Any CPU = Debug|Any CPU
		Release|Any CPU = Release|Any CPU
	EndGlobalSection
	GlobalSection(ProjectConfigurationPlatforms) = postSolution
		{103F29FD-E1E8-4228-9936-EFB81B2BFA32}.Debug|Any CPU.ActiveCfg = Debug|Any CPU
		{103F29FD-E1E8-4228-9936-EFB81B2BFA32}.Debug|Any CPU.Build.0 = Debug|Any CPU
		{103F29FD-E1E8-4228-9936-EFB81B2BFA32}.Release|Any CPU.ActiveCfg = Release|Any CPU
		{103F29FD-E1E8-4228-9936-EFB81B2BFA32}.Release|Any CPU.Build.0 = Release|Any CPU
		{0156C3D4-E0A8-442B-864A-D038E135545A}.Debug|Any CPU.ActiveCfg = Debug|Any CPU
		{0156C3D4-E0A8-442B-864A-D038E135545A}.Debug|Any CPU.Build.0 = Debug|Any CPU
		{0156C3D4-E0A8-442B-864A-D038E135545A}.Release|Any CPU.ActiveCfg = Release|Any CPU
		{0156C3D4-E0A8-442B-864A-D038E135545A}.Release|Any CPU.Build.0 = Release|Any CPU
		{99861CD8-6FA2-4FD6-9509-2569EEFAB59C}.Debug|Any CPU.ActiveCfg = Debug|Any CPU
		{99861CD8-6FA2-4FD6-9509-2569EEFAB59C}.Debug|Any CPU.Build.0 = Debug|Any CPU
		{99861CD8-6FA2-4FD6-9509-2569EEFAB59C}.Release|Any CPU.ActiveCfg = Release|Any CPU
		{99861CD8-6FA2-4FD6-9509-2569EEFAB59C}.Release|Any CPU.Build.0 = Release|Any CPU
		{477CB507-C51C-407E-A95C-ECAA8F7498D7}.Debug|Any CPU.ActiveCfg = Debug|Any CPU
		{477CB507-C51C-407E-A95C-ECAA8F7498D7}.Debug|Any CPU.Build.0 = Debug|Any CPU
		{477CB507-C51C-407E-A95C-ECAA8F7498D7}.Release|Any CPU.ActiveCfg = Release|Any CPU
		{477CB507-C51C-407E-A95C-ECAA8F7498D7}.Release|Any CPU.Build.0 = Release|Any CPU
		{760A12EC-417F-4A9D-BFEE-881ADF8D2159}.Debug|Any CPU.ActiveCfg = Debug|Any CPU
		{760A12EC-417F-4A9D-BFEE-881ADF8D2159}.Debug|Any CPU.Build.0 = Debug|Any CPU
		{760A12EC-417F-4A9D-BFEE-881ADF8D2159}.Release|Any CPU.ActiveCfg = Release|Any CPU
		{760A12EC-417F-4A9D-BFEE-881ADF8D2159}.Release|Any CPU.Build.0 = Release|Any CPU
		{D5CE1C48-F921-4BCC-B888-059B403043A6}.Debug|Any CPU.ActiveCfg = Debug|Any CPU
		{D5CE1C48-F921-4BCC-B888-059B403043A6}.Debug|Any CPU.Build.0 = Debug|Any CPU
		{D5CE1C48-F921-4BCC-B888-059B403043A6}.Release|Any CPU.ActiveCfg = Release|Any CPU
		{D5CE1C48-F921-4BCC-B888-059B403043A6}.Release|Any CPU.Build.0 = Release|Any CPU
		{06BAC6FD-2827-40A2-9E71-D3C47B3148DE}.Debug|Any CPU.ActiveCfg = Debug|Any CPU
		{06BAC6FD-2827-40A2-9E71-D3C47B3148DE}.Debug|Any CPU.Build.0 = Debug|Any CPU
		{06BAC6FD-2827-40A2-9E71-D3C47B3148DE}.Release|Any CPU.ActiveCfg = Release|Any CPU
		{06BAC6FD-2827-40A2-9E71-D3C47B3148DE}.Release|Any CPU.Build.0 = Release|Any CPU
		{49B1A0A1-C1AC-45BD-9C14-C958BC3739F3}.Debug|Any CPU.ActiveCfg = Debug|Any CPU
		{49B1A0A1-C1AC-45BD-9C14-C958BC3739F3}.Debug|Any CPU.Build.0 = Debug|Any CPU
		{49B1A0A1-C1AC-45BD-9C14-C958BC3739F3}.Release|Any CPU.ActiveCfg = Release|Any CPU
		{49B1A0A1-C1AC-45BD-9C14-C958BC3739F3}.Release|Any CPU.Build.0 = Release|Any CPU
		{377059A0-999D-4B4B-B5E4-B6CDC9879B33}.Debug|Any CPU.ActiveCfg = Debug|Any CPU
		{377059A0-999D-4B4B-B5E4-B6CDC9879B33}.Debug|Any CPU.Build.0 = Debug|Any CPU
		{377059A0-999D-4B4B-B5E4-B6CDC9879B33}.Release|Any CPU.ActiveCfg = Release|Any CPU
		{377059A0-999D-4B4B-B5E4-B6CDC9879B33}.Release|Any CPU.Build.0 = Release|Any CPU
		{A486B5B0-A98F-4098-A900-5EBF8AFCB4AA}.Debug|Any CPU.ActiveCfg = Debug|Any CPU
		{A486B5B0-A98F-4098-A900-5EBF8AFCB4AA}.Debug|Any CPU.Build.0 = Debug|Any CPU
		{A486B5B0-A98F-4098-A900-5EBF8AFCB4AA}.Release|Any CPU.ActiveCfg = Release|Any CPU
		{A486B5B0-A98F-4098-A900-5EBF8AFCB4AA}.Release|Any CPU.Build.0 = Release|Any CPU
		{E10B1571-3723-4FCF-8FB8-64E17FB9F146}.Debug|Any CPU.ActiveCfg = Debug|Any CPU
		{E10B1571-3723-4FCF-8FB8-64E17FB9F146}.Debug|Any CPU.Build.0 = Debug|Any CPU
		{E10B1571-3723-4FCF-8FB8-64E17FB9F146}.Release|Any CPU.ActiveCfg = Release|Any CPU
		{E10B1571-3723-4FCF-8FB8-64E17FB9F146}.Release|Any CPU.Build.0 = Release|Any CPU
		{9CE728D2-C82E-45FD-B2FB-695B854C9AE3}.Debug|Any CPU.ActiveCfg = Debug|Any CPU
		{9CE728D2-C82E-45FD-B2FB-695B854C9AE3}.Debug|Any CPU.Build.0 = Debug|Any CPU
		{9CE728D2-C82E-45FD-B2FB-695B854C9AE3}.Release|Any CPU.ActiveCfg = Release|Any CPU
		{9CE728D2-C82E-45FD-B2FB-695B854C9AE3}.Release|Any CPU.Build.0 = Release|Any CPU
	EndGlobalSection
	GlobalSection(SolutionProperties) = preSolution
		HideSolutionNode = FALSE
	EndGlobalSection
	GlobalSection(NestedProjects) = preSolution
		{103F29FD-E1E8-4228-9936-EFB81B2BFA32} = {F7D24763-8D95-430B-B7E7-779707CEEA36}
		{55DE935D-3669-4406-899E-72C9B44C068C} = {9FE82E71-AA90-40A8-8C28-C216B8873772}
		{5F2BEF56-14E0-46A9-9211-839C324C7B63} = {9FE82E71-AA90-40A8-8C28-C216B8873772}
		{9FD9FF87-AF48-42C2-8F7F-D3214F1DDA3A} = {218A3420-0E73-42C5-8BBC-C6AB81AC23C7}
		{99861CD8-6FA2-4FD6-9509-2569EEFAB59C} = {5F2BEF56-14E0-46A9-9211-839C324C7B63}
		{477CB507-C51C-407E-A95C-ECAA8F7498D7} = {5F2BEF56-14E0-46A9-9211-839C324C7B63}
		{760A12EC-417F-4A9D-BFEE-881ADF8D2159} = {5F2BEF56-14E0-46A9-9211-839C324C7B63}
		{D5CE1C48-F921-4BCC-B888-059B403043A6} = {5F2BEF56-14E0-46A9-9211-839C324C7B63}
		{06BAC6FD-2827-40A2-9E71-D3C47B3148DE} = {5F2BEF56-14E0-46A9-9211-839C324C7B63}
		{49B1A0A1-C1AC-45BD-9C14-C958BC3739F3} = {F7D24763-8D95-430B-B7E7-779707CEEA36}
		{A486B5B0-A98F-4098-A900-5EBF8AFCB4AA} = {3CBE8D22-CA4B-426C-A904-3C4ACB0CCAF4}
		{E10B1571-3723-4FCF-8FB8-64E17FB9F146} = {5F2BEF56-14E0-46A9-9211-839C324C7B63}
		{9CE728D2-C82E-45FD-B2FB-695B854C9AE3} = {5F2BEF56-14E0-46A9-9211-839C324C7B63}
	EndGlobalSection
	GlobalSection(ExtensibilityGlobals) = postSolution
		SolutionGuid = {7BB18F1A-1BCE-4FF8-A9A0-EE34612DC20B}
	EndGlobalSection
EndGlobal
